
Microsoft Visual Studio Solution File, Format Version 12.00
# Visual Studio Version 16
VisualStudioVersion = 16.0.30225.117
MinimumVisualStudioVersion = 10.0.40219.1
Project("{9A19103F-16F7-4668-BE54-9A1E7A4F7556}") = "ApiDemo", "ApiDemo\ApiDemo.csproj", "{48649E9D-D55A-4CC6-B57C-8D00C960EAC5}"
EndProject
Project("{FAE04EC0-301F-11D3-BF4B-00C04F79EFBC}") = "ApiDemoTests", "ApiDemoTests\ApiDemoTests.csproj", "{29738923-8865-49C1-A292-8C325A92FECC}"
EndProject
Global
	GlobalSection(SolutionConfigurationPlatforms) = preSolution
		Debug|Any CPU = Debug|Any CPU
		Release|Any CPU = Release|Any CPU
	EndGlobalSection
	GlobalSection(ProjectConfigurationPlatforms) = postSolution
		{48649E9D-D55A-4CC6-B57C-8D00C960EAC5}.Debug|Any CPU.ActiveCfg = Debug|Any CPU
		{48649E9D-D55A-4CC6-B57C-8D00C960EAC5}.Debug|Any CPU.Build.0 = Debug|Any CPU
		{48649E9D-D55A-4CC6-B57C-8D00C960EAC5}.Release|Any CPU.ActiveCfg = Release|Any CPU
		{48649E9D-D55A-4CC6-B57C-8D00C960EAC5}.Release|Any CPU.Build.0 = Release|Any CPU
		{29738923-8865-49C1-A292-8C325A92FECC}.Debug|Any CPU.ActiveCfg = Debug|Any CPU
		{29738923-8865-49C1-A292-8C325A92FECC}.Debug|Any CPU.Build.0 = Debug|Any CPU
		{29738923-8865-49C1-A292-8C325A92FECC}.Release|Any CPU.ActiveCfg = Release|Any CPU
		{29738923-8865-49C1-A292-8C325A92FECC}.Release|Any CPU.Build.0 = Release|Any CPU
	EndGlobalSection
	GlobalSection(SolutionProperties) = preSolution
		HideSolutionNode = FALSE
	EndGlobalSection
	GlobalSection(ExtensibilityGlobals) = postSolution
		SolutionGuid = {519825F2-FDD5-4AF2-A4D3-AE9CA5452DC9}
	EndGlobalSection
EndGlobal
